// !$*UTF8*$!
{
	archiveVersion = 1;
	classes = {
	};
	objectVersion = 50;
	objects = {

/* Begin PBXBuildFile section */
		9B23509A2087AB1F00753B9F /* AppDelegate.swift in Sources */ = {isa = PBXBuildFile; fileRef = 9B2350992087AB1F00753B9F /* AppDelegate.swift */; };
		9B23509F2087AB1F00753B9F /* Main.storyboard in Resources */ = {isa = PBXBuildFile; fileRef = 9B23509D2087AB1F00753B9F /* Main.storyboard */; };
		9B2350A12087AB2300753B9F /* Assets.xcassets in Resources */ = {isa = PBXBuildFile; fileRef = 9B2350A02087AB2300753B9F /* Assets.xcassets */; };
		9B2350A42087AB2300753B9F /* LaunchScreen.storyboard in Resources */ = {isa = PBXBuildFile; fileRef = 9B2350A22087AB2300753B9F /* LaunchScreen.storyboard */; };
		9B2350BF2087D2CA00753B9F /* HomePresenter.swift in Sources */ = {isa = PBXBuildFile; fileRef = 9B2350B92087D2CA00753B9F /* HomePresenter.swift */; };
		9B2350C02087D2CA00753B9F /* HomeWorker.swift in Sources */ = {isa = PBXBuildFile; fileRef = 9B2350BA2087D2CA00753B9F /* HomeWorker.swift */; };
		9B2350C12087D2CA00753B9F /* HomeRouter.swift in Sources */ = {isa = PBXBuildFile; fileRef = 9B2350BB2087D2CA00753B9F /* HomeRouter.swift */; };
		9B2350C22087D2CA00753B9F /* HomeModels.swift in Sources */ = {isa = PBXBuildFile; fileRef = 9B2350BC2087D2CA00753B9F /* HomeModels.swift */; };
		9B2350C32087D2CA00753B9F /* HomeViewController.swift in Sources */ = {isa = PBXBuildFile; fileRef = 9B2350BD2087D2CA00753B9F /* HomeViewController.swift */; };
		9B2350C42087D2CA00753B9F /* HomeInteractor.swift in Sources */ = {isa = PBXBuildFile; fileRef = 9B2350BE2087D2CA00753B9F /* HomeInteractor.swift */; };
		9B2350C92087D2EC00753B9F /* HomeViewControllerTests.swift in Sources */ = {isa = PBXBuildFile; fileRef = 9B2350C52087D2EC00753B9F /* HomeViewControllerTests.swift */; };
		9B2350CA2087D2EC00753B9F /* HomeInteractorTests.swift in Sources */ = {isa = PBXBuildFile; fileRef = 9B2350C62087D2EC00753B9F /* HomeInteractorTests.swift */; };
		9B2350CB2087D2EC00753B9F /* HomeWorkerTests.swift in Sources */ = {isa = PBXBuildFile; fileRef = 9B2350C72087D2EC00753B9F /* HomeWorkerTests.swift */; };
		9B2350CC2087D2EC00753B9F /* HomePresenterTests.swift in Sources */ = {isa = PBXBuildFile; fileRef = 9B2350C82087D2EC00753B9F /* HomePresenterTests.swift */; };
/* End PBXBuildFile section */

/* Begin PBXContainerItemProxy section */
		9B2350AB2087AB2300753B9F /* PBXContainerItemProxy */ = {
			isa = PBXContainerItemProxy;
			containerPortal = 9B23508E2087AB1F00753B9F /* Project object */;
			proxyType = 1;
			remoteGlobalIDString = 9B2350952087AB1F00753B9F;
			remoteInfo = Weather;
		};
/* End PBXContainerItemProxy section */

/* Begin PBXFileReference section */
		9B2350962087AB1F00753B9F /* Weather.app */ = {isa = PBXFileReference; explicitFileType = wrapper.application; includeInIndex = 0; path = Weather.app; sourceTree = BUILT_PRODUCTS_DIR; };
		9B2350992087AB1F00753B9F /* AppDelegate.swift */ = {isa = PBXFileReference; lastKnownFileType = sourcecode.swift; path = AppDelegate.swift; sourceTree = "<group>"; };
		9B23509E2087AB1F00753B9F /* Base */ = {isa = PBXFileReference; lastKnownFileType = file.storyboard; name = Base; path = Base.lproj/Main.storyboard; sourceTree = "<group>"; };
		9B2350A02087AB2300753B9F /* Assets.xcassets */ = {isa = PBXFileReference; lastKnownFileType = folder.assetcatalog; path = Assets.xcassets; sourceTree = "<group>"; };
		9B2350A32087AB2300753B9F /* Base */ = {isa = PBXFileReference; lastKnownFileType = file.storyboard; name = Base; path = Base.lproj/LaunchScreen.storyboard; sourceTree = "<group>"; };
		9B2350A52087AB2300753B9F /* Info.plist */ = {isa = PBXFileReference; lastKnownFileType = text.plist.xml; path = Info.plist; sourceTree = "<group>"; };
		9B2350AA2087AB2300753B9F /* WeatherTests.xctest */ = {isa = PBXFileReference; explicitFileType = wrapper.cfbundle; includeInIndex = 0; path = WeatherTests.xctest; sourceTree = BUILT_PRODUCTS_DIR; };
		9B2350B02087AB2300753B9F /* Info.plist */ = {isa = PBXFileReference; lastKnownFileType = text.plist.xml; path = Info.plist; sourceTree = "<group>"; };
		9B2350B92087D2CA00753B9F /* HomePresenter.swift */ = {isa = PBXFileReference; lastKnownFileType = sourcecode.swift; path = HomePresenter.swift; sourceTree = "<group>"; };
		9B2350BA2087D2CA00753B9F /* HomeWorker.swift */ = {isa = PBXFileReference; lastKnownFileType = sourcecode.swift; path = HomeWorker.swift; sourceTree = "<group>"; };
		9B2350BB2087D2CA00753B9F /* HomeRouter.swift */ = {isa = PBXFileReference; lastKnownFileType = sourcecode.swift; path = HomeRouter.swift; sourceTree = "<group>"; };
		9B2350BC2087D2CA00753B9F /* HomeModels.swift */ = {isa = PBXFileReference; lastKnownFileType = sourcecode.swift; path = HomeModels.swift; sourceTree = "<group>"; };
		9B2350BD2087D2CA00753B9F /* HomeViewController.swift */ = {isa = PBXFileReference; lastKnownFileType = sourcecode.swift; path = HomeViewController.swift; sourceTree = "<group>"; };
		9B2350BE2087D2CA00753B9F /* HomeInteractor.swift */ = {isa = PBXFileReference; lastKnownFileType = sourcecode.swift; path = HomeInteractor.swift; sourceTree = "<group>"; };
		9B2350C52087D2EC00753B9F /* HomeViewControllerTests.swift */ = {isa = PBXFileReference; lastKnownFileType = sourcecode.swift; path = HomeViewControllerTests.swift; sourceTree = "<group>"; };
		9B2350C62087D2EC00753B9F /* HomeInteractorTests.swift */ = {isa = PBXFileReference; lastKnownFileType = sourcecode.swift; path = HomeInteractorTests.swift; sourceTree = "<group>"; };
		9B2350C72087D2EC00753B9F /* HomeWorkerTests.swift */ = {isa = PBXFileReference; lastKnownFileType = sourcecode.swift; path = HomeWorkerTests.swift; sourceTree = "<group>"; };
		9B2350C82087D2EC00753B9F /* HomePresenterTests.swift */ = {isa = PBXFileReference; lastKnownFileType = sourcecode.swift; path = HomePresenterTests.swift; sourceTree = "<group>"; };
/* End PBXFileReference section */

/* Begin PBXFrameworksBuildPhase section */
		9B2350932087AB1F00753B9F /* Frameworks */ = {
			isa = PBXFrameworksBuildPhase;
			buildActionMask = 2147483647;
			files = (
			);
			runOnlyForDeploymentPostprocessing = 0;
		};
		9B2350A72087AB2300753B9F /* Frameworks */ = {
			isa = PBXFrameworksBuildPhase;
			buildActionMask = 2147483647;
			files = (
			);
			runOnlyForDeploymentPostprocessing = 0;
		};
/* End PBXFrameworksBuildPhase section */

/* Begin PBXGroup section */
		9B23508D2087AB1F00753B9F = {
			isa = PBXGroup;
			children = (
				9B2350982087AB1F00753B9F /* Weather */,
				9B2350AD2087AB2300753B9F /* WeatherTests */,
				9B2350972087AB1F00753B9F /* Products */,
			);
			sourceTree = "<group>";
		};
		9B2350972087AB1F00753B9F /* Products */ = {
			isa = PBXGroup;
			children = (
				9B2350962087AB1F00753B9F /* Weather.app */,
				9B2350AA2087AB2300753B9F /* WeatherTests.xctest */,
			);
			name = Products;
			sourceTree = "<group>";
		};
		9B2350982087AB1F00753B9F /* Weather */ = {
			isa = PBXGroup;
			children = (
				9B2350D12087D33900753B9F /* Resources */,
				9B2350CE2087D30900753B9F /* Scenes */,
				9B2350992087AB1F00753B9F /* AppDelegate.swift */,
			);
			path = Weather;
			sourceTree = "<group>";
		};
		9B2350AD2087AB2300753B9F /* WeatherTests */ = {
			isa = PBXGroup;
			children = (
				9B2350CF2087D31000753B9F /* Scenes */,
				9B2350B02087AB2300753B9F /* Info.plist */,
			);
			path = WeatherTests;
			sourceTree = "<group>";
		};
		9B2350CD2087D2FA00753B9F /* Home */ = {
			isa = PBXGroup;
			children = (
				9B2350B92087D2CA00753B9F /* HomePresenter.swift */,
				9B2350BA2087D2CA00753B9F /* HomeWorker.swift */,
				9B2350BB2087D2CA00753B9F /* HomeRouter.swift */,
				9B2350BC2087D2CA00753B9F /* HomeModels.swift */,
				9B2350BD2087D2CA00753B9F /* HomeViewController.swift */,
				9B2350BE2087D2CA00753B9F /* HomeInteractor.swift */,
			);
			path = Home;
			sourceTree = "<group>";
		};
		9B2350CE2087D30900753B9F /* Scenes */ = {
			isa = PBXGroup;
			children = (
				9B23509D2087AB1F00753B9F /* Main.storyboard */,
				9B2350CD2087D2FA00753B9F /* Home */,
			);
			path = Scenes;
			sourceTree = "<group>";
		};
		9B2350CF2087D31000753B9F /* Scenes */ = {
			isa = PBXGroup;
			children = (
				9B2350D02087D32500753B9F /* Home */,
			);
			path = Scenes;
			sourceTree = "<group>";
		};
		9B2350D02087D32500753B9F /* Home */ = {
			isa = PBXGroup;
			children = (
				9B2350C52087D2EC00753B9F /* HomeViewControllerTests.swift */,
				9B2350C62087D2EC00753B9F /* HomeInteractorTests.swift */,
				9B2350C72087D2EC00753B9F /* HomeWorkerTests.swift */,
				9B2350C82087D2EC00753B9F /* HomePresenterTests.swift */,
			);
			path = Home;
			sourceTree = "<group>";
		};
		9B2350D12087D33900753B9F /* Resources */ = {
			isa = PBXGroup;
			children = (
				9B2350A02087AB2300753B9F /* Assets.xcassets */,
				9B2350A22087AB2300753B9F /* LaunchScreen.storyboard */,
				9B2350A52087AB2300753B9F /* Info.plist */,
			);
			path = Resources;
			sourceTree = "<group>";
		};
/* End PBXGroup section */

/* Begin PBXNativeTarget section */
		9B2350952087AB1F00753B9F /* Weather */ = {
			isa = PBXNativeTarget;
			buildConfigurationList = 9B2350B32087AB2300753B9F /* Build configuration list for PBXNativeTarget "Weather" */;
			buildPhases = (
				9B2350922087AB1F00753B9F /* Sources */,
				9B2350932087AB1F00753B9F /* Frameworks */,
				9B2350942087AB1F00753B9F /* Resources */,
			);
			buildRules = (
			);
			dependencies = (
			);
			name = Weather;
			productName = Weather;
			productReference = 9B2350962087AB1F00753B9F /* Weather.app */;
			productType = "com.apple.product-type.application";
		};
		9B2350A92087AB2300753B9F /* WeatherTests */ = {
			isa = PBXNativeTarget;
			buildConfigurationList = 9B2350B62087AB2300753B9F /* Build configuration list for PBXNativeTarget "WeatherTests" */;
			buildPhases = (
				9B2350A62087AB2300753B9F /* Sources */,
				9B2350A72087AB2300753B9F /* Frameworks */,
				9B2350A82087AB2300753B9F /* Resources */,
			);
			buildRules = (
			);
			dependencies = (
				9B2350AC2087AB2300753B9F /* PBXTargetDependency */,
			);
			name = WeatherTests;
			productName = WeatherTests;
			productReference = 9B2350AA2087AB2300753B9F /* WeatherTests.xctest */;
			productType = "com.apple.product-type.bundle.unit-test";
		};
/* End PBXNativeTarget section */

/* Begin PBXProject section */
		9B23508E2087AB1F00753B9F /* Project object */ = {
			isa = PBXProject;
			attributes = {
				LastSwiftUpdateCheck = 0930;
				LastUpgradeCheck = 0930;
				ORGANIZATIONNAME = "Ahmed Ali Henawey";
				TargetAttributes = {
					9B2350952087AB1F00753B9F = {
						CreatedOnToolsVersion = 9.3;
					};
					9B2350A92087AB2300753B9F = {
						CreatedOnToolsVersion = 9.3;
						TestTargetID = 9B2350952087AB1F00753B9F;
					};
				};
			};
			buildConfigurationList = 9B2350912087AB1F00753B9F /* Build configuration list for PBXProject "Weather" */;
			compatibilityVersion = "Xcode 9.3";
			developmentRegion = en;
			hasScannedForEncodings = 0;
			knownRegions = (
				en,
				Base,
			);
			mainGroup = 9B23508D2087AB1F00753B9F;
			productRefGroup = 9B2350972087AB1F00753B9F /* Products */;
			projectDirPath = "";
			projectRoot = "";
			targets = (
				9B2350952087AB1F00753B9F /* Weather */,
				9B2350A92087AB2300753B9F /* WeatherTests */,
			);
		};
/* End PBXProject section */

/* Begin PBXResourcesBuildPhase section */
		9B2350942087AB1F00753B9F /* Resources */ = {
			isa = PBXResourcesBuildPhase;
			buildActionMask = 2147483647;
			files = (
				9B2350A42087AB2300753B9F /* LaunchScreen.storyboard in Resources */,
				9B2350A12087AB2300753B9F /* Assets.xcassets in Resources */,
				9B23509F2087AB1F00753B9F /* Main.storyboard in Resources */,
			);
			runOnlyForDeploymentPostprocessing = 0;
		};
		9B2350A82087AB2300753B9F /* Resources */ = {
			isa = PBXResourcesBuildPhase;
			buildActionMask = 2147483647;
			files = (
			);
			runOnlyForDeploymentPostprocessing = 0;
		};
/* End PBXResourcesBuildPhase section */

/* Begin PBXSourcesBuildPhase section */
		9B2350922087AB1F00753B9F /* Sources */ = {
			isa = PBXSourcesBuildPhase;
			buildActionMask = 2147483647;
			files = (
				9B2350BF2087D2CA00753B9F /* HomePresenter.swift in Sources */,
				9B2350C02087D2CA00753B9F /* HomeWorker.swift in Sources */,
				9B2350C42087D2CA00753B9F /* HomeInteractor.swift in Sources */,
				9B23509A2087AB1F00753B9F /* AppDelegate.swift in Sources */,
				9B2350C22087D2CA00753B9F /* HomeModels.swift in Sources */,
				9B2350C32087D2CA00753B9F /* HomeViewController.swift in Sources */,
				9B2350C12087D2CA00753B9F /* HomeRouter.swift in Sources */,
			);
			runOnlyForDeploymentPostprocessing = 0;
		};
		9B2350A62087AB2300753B9F /* Sources */ = {
			isa = PBXSourcesBuildPhase;
			buildActionMask = 2147483647;
			files = (
				9B2350CA2087D2EC00753B9F /* HomeInteractorTests.swift in Sources */,
				9B2350CB2087D2EC00753B9F /* HomeWorkerTests.swift in Sources */,
				9B2350CC2087D2EC00753B9F /* HomePresenterTests.swift in Sources */,
				9B2350C92087D2EC00753B9F /* HomeViewControllerTests.swift in Sources */,
			);
			runOnlyForDeploymentPostprocessing = 0;
		};
/* End PBXSourcesBuildPhase section */

/* Begin PBXTargetDependency section */
		9B2350AC2087AB2300753B9F /* PBXTargetDependency */ = {
			isa = PBXTargetDependency;
			target = 9B2350952087AB1F00753B9F /* Weather */;
			targetProxy = 9B2350AB2087AB2300753B9F /* PBXContainerItemProxy */;
		};
/* End PBXTargetDependency section */

/* Begin PBXVariantGroup section */
		9B23509D2087AB1F00753B9F /* Main.storyboard */ = {
			isa = PBXVariantGroup;
			children = (
				9B23509E2087AB1F00753B9F /* Base */,
			);
			name = Main.storyboard;
			sourceTree = "<group>";
		};
		9B2350A22087AB2300753B9F /* LaunchScreen.storyboard */ = {
			isa = PBXVariantGroup;
			children = (
				9B2350A32087AB2300753B9F /* Base */,
			);
			name = LaunchScreen.storyboard;
			sourceTree = "<group>";
		};
/* End PBXVariantGroup section */

/* Begin XCBuildConfiguration section */
		9B2350B12087AB2300753B9F /* Debug */ = {
			isa = XCBuildConfiguration;
			buildSettings = {
				ALWAYS_SEARCH_USER_PATHS = NO;
				CLANG_ANALYZER_NONNULL = YES;
				CLANG_ANALYZER_NUMBER_OBJECT_CONVERSION = YES_AGGRESSIVE;
				CLANG_CXX_LANGUAGE_STANDARD = "gnu++14";
				CLANG_CXX_LIBRARY = "libc++";
				CLANG_ENABLE_MODULES = YES;
				CLANG_ENABLE_OBJC_ARC = YES;
				CLANG_ENABLE_OBJC_WEAK = YES;
				CLANG_WARN_BLOCK_CAPTURE_AUTORELEASING = YES;
				CLANG_WARN_BOOL_CONVERSION = YES;
				CLANG_WARN_COMMA = YES;
				CLANG_WARN_CONSTANT_CONVERSION = YES;
				CLANG_WARN_DEPRECATED_OBJC_IMPLEMENTATIONS = YES;
				CLANG_WARN_DIRECT_OBJC_ISA_USAGE = YES_ERROR;
				CLANG_WARN_DOCUMENTATION_COMMENTS = YES;
				CLANG_WARN_EMPTY_BODY = YES;
				CLANG_WARN_ENUM_CONVERSION = YES;
				CLANG_WARN_INFINITE_RECURSION = YES;
				CLANG_WARN_INT_CONVERSION = YES;
				CLANG_WARN_NON_LITERAL_NULL_CONVERSION = YES;
				CLANG_WARN_OBJC_IMPLICIT_RETAIN_SELF = YES;
				CLANG_WARN_OBJC_LITERAL_CONVERSION = YES;
				CLANG_WARN_OBJC_ROOT_CLASS = YES_ERROR;
				CLANG_WARN_RANGE_LOOP_ANALYSIS = YES;
				CLANG_WARN_STRICT_PROTOTYPES = YES;
				CLANG_WARN_SUSPICIOUS_MOVE = YES;
				CLANG_WARN_UNGUARDED_AVAILABILITY = YES_AGGRESSIVE;
				CLANG_WARN_UNREACHABLE_CODE = YES;
				CLANG_WARN__DUPLICATE_METHOD_MATCH = YES;
				CODE_SIGN_IDENTITY = "iPhone Developer";
				COPY_PHASE_STRIP = NO;
				DEBUG_INFORMATION_FORMAT = dwarf;
				ENABLE_STRICT_OBJC_MSGSEND = YES;
				ENABLE_TESTABILITY = YES;
				GCC_C_LANGUAGE_STANDARD = gnu11;
				GCC_DYNAMIC_NO_PIC = NO;
				GCC_NO_COMMON_BLOCKS = YES;
				GCC_OPTIMIZATION_LEVEL = 0;
				GCC_PREPROCESSOR_DEFINITIONS = (
					"DEBUG=1",
					"$(inherited)",
				);
				GCC_WARN_64_TO_32_BIT_CONVERSION = YES;
				GCC_WARN_ABOUT_RETURN_TYPE = YES_ERROR;
				GCC_WARN_UNDECLARED_SELECTOR = YES;
				GCC_WARN_UNINITIALIZED_AUTOS = YES_AGGRESSIVE;
				GCC_WARN_UNUSED_FUNCTION = YES;
				GCC_WARN_UNUSED_VARIABLE = YES;
				IPHONEOS_DEPLOYMENT_TARGET = 11.3;
				MTL_ENABLE_DEBUG_INFO = YES;
				ONLY_ACTIVE_ARCH = YES;
				SDKROOT = iphoneos;
				SWIFT_ACTIVE_COMPILATION_CONDITIONS = DEBUG;
				SWIFT_OPTIMIZATION_LEVEL = "-Onone";
			};
			name = Debug;
		};
		9B2350B22087AB2300753B9F /* Release */ = {
			isa = XCBuildConfiguration;
			buildSettings = {
				ALWAYS_SEARCH_USER_PATHS = NO;
				CLANG_ANALYZER_NONNULL = YES;
				CLANG_ANALYZER_NUMBER_OBJECT_CONVERSION = YES_AGGRESSIVE;
				CLANG_CXX_LANGUAGE_STANDARD = "gnu++14";
				CLANG_CXX_LIBRARY = "libc++";
				CLANG_ENABLE_MODULES = YES;
				CLANG_ENABLE_OBJC_ARC = YES;
				CLANG_ENABLE_OBJC_WEAK = YES;
				CLANG_WARN_BLOCK_CAPTURE_AUTORELEASING = YES;
				CLANG_WARN_BOOL_CONVERSION = YES;
				CLANG_WARN_COMMA = YES;
				CLANG_WARN_CONSTANT_CONVERSION = YES;
				CLANG_WARN_DEPRECATED_OBJC_IMPLEMENTATIONS = YES;
				CLANG_WARN_DIRECT_OBJC_ISA_USAGE = YES_ERROR;
				CLANG_WARN_DOCUMENTATION_COMMENTS = YES;
				CLANG_WARN_EMPTY_BODY = YES;
				CLANG_WARN_ENUM_CONVERSION = YES;
				CLANG_WARN_INFINITE_RECURSION = YES;
				CLANG_WARN_INT_CONVERSION = YES;
				CLANG_WARN_NON_LITERAL_NULL_CONVERSION = YES;
				CLANG_WARN_OBJC_IMPLICIT_RETAIN_SELF = YES;
				CLANG_WARN_OBJC_LITERAL_CONVERSION = YES;
				CLANG_WARN_OBJC_ROOT_CLASS = YES_ERROR;
				CLANG_WARN_RANGE_LOOP_ANALYSIS = YES;
				CLANG_WARN_STRICT_PROTOTYPES = YES;
				CLANG_WARN_SUSPICIOUS_MOVE = YES;
				CLANG_WARN_UNGUARDED_AVAILABILITY = YES_AGGRESSIVE;
				CLANG_WARN_UNREACHABLE_CODE = YES;
				CLANG_WARN__DUPLICATE_METHOD_MATCH = YES;
				CODE_SIGN_IDENTITY = "iPhone Developer";
				COPY_PHASE_STRIP = NO;
				DEBUG_INFORMATION_FORMAT = "dwarf-with-dsym";
				ENABLE_NS_ASSERTIONS = NO;
				ENABLE_STRICT_OBJC_MSGSEND = YES;
				GCC_C_LANGUAGE_STANDARD = gnu11;
				GCC_NO_COMMON_BLOCKS = YES;
				GCC_WARN_64_TO_32_BIT_CONVERSION = YES;
				GCC_WARN_ABOUT_RETURN_TYPE = YES_ERROR;
				GCC_WARN_UNDECLARED_SELECTOR = YES;
				GCC_WARN_UNINITIALIZED_AUTOS = YES_AGGRESSIVE;
				GCC_WARN_UNUSED_FUNCTION = YES;
				GCC_WARN_UNUSED_VARIABLE = YES;
				IPHONEOS_DEPLOYMENT_TARGET = 11.3;
				MTL_ENABLE_DEBUG_INFO = NO;
				SDKROOT = iphoneos;
				SWIFT_COMPILATION_MODE = wholemodule;
				SWIFT_OPTIMIZATION_LEVEL = "-O";
				VALIDATE_PRODUCT = YES;
			};
			name = Release;
		};
		9B2350B42087AB2300753B9F /* Debug */ = {
			isa = XCBuildConfiguration;
			buildSettings = {
				ASSETCATALOG_COMPILER_APPICON_NAME = AppIcon;
				CODE_SIGN_STYLE = Automatic;
				DEVELOPMENT_TEAM = SFWNSYN8YK;
				INFOPLIST_FILE = "$(SRCROOT)/Weather/Resources/Info.plist";
				IPHONEOS_DEPLOYMENT_TARGET = 9.0;
				LD_RUNPATH_SEARCH_PATHS = (
					"$(inherited)",
					"@executable_path/Frameworks",
				);
				PRODUCT_BUNDLE_IDENTIFIER = com.mobiquity.Weather;
				PRODUCT_NAME = "$(TARGET_NAME)";
				SWIFT_VERSION = 4.0;
				TARGETED_DEVICE_FAMILY = "1,2";
			};
			name = Debug;
		};
		9B2350B52087AB2300753B9F /* Release */ = {
			isa = XCBuildConfiguration;
			buildSettings = {
				ASSETCATALOG_COMPILER_APPICON_NAME = AppIcon;
				CODE_SIGN_STYLE = Automatic;
				DEVELOPMENT_TEAM = SFWNSYN8YK;
				INFOPLIST_FILE = "$(SRCROOT)/Weather/Resources/Info.plist";
				IPHONEOS_DEPLOYMENT_TARGET = 9.0;
				LD_RUNPATH_SEARCH_PATHS = (
					"$(inherited)",
					"@executable_path/Frameworks",
				);
				PRODUCT_BUNDLE_IDENTIFIER = com.mobiquity.Weather;
				PRODUCT_NAME = "$(TARGET_NAME)";
				SWIFT_VERSION = 4.0;
				TARGETED_DEVICE_FAMILY = "1,2";
			};
			name = Release;
		};
		9B2350B72087AB2300753B9F /* Debug */ = {
			isa = XCBuildConfiguration;
			buildSettings = {
				ALWAYS_EMBED_SWIFT_STANDARD_LIBRARIES = YES;
				BUNDLE_LOADER = "$(TEST_HOST)";
				CODE_SIGN_STYLE = Automatic;
				DEVELOPMENT_TEAM = SFWNSYN8YK;
				INFOPLIST_FILE = WeatherTests/Info.plist;
				LD_RUNPATH_SEARCH_PATHS = (
					"$(inherited)",
					"@executable_path/Frameworks",
					"@loader_path/Frameworks",
				);
				PRODUCT_BUNDLE_IDENTIFIER = com.mobiquity.WeatherTests;
				PRODUCT_NAME = "$(TARGET_NAME)";
				SWIFT_VERSION = 4.0;
				TARGETED_DEVICE_FAMILY = "1,2";
				TEST_HOST = "$(BUILT_PRODUCTS_DIR)/Weather.app/Weather";
			};
			name = Debug;
		};
		9B2350B82087AB2300753B9F /* Release */ = {
			isa = XCBuildConfiguration;
			buildSettings = {
				ALWAYS_EMBED_SWIFT_STANDARD_LIBRARIES = YES;
				BUNDLE_LOADER = "$(TEST_HOST)";
				CODE_SIGN_STYLE = Automatic;
				DEVELOPMENT_TEAM = SFWNSYN8YK;
				INFOPLIST_FILE = WeatherTests/Info.plist;
				LD_RUNPATH_SEARCH_PATHS = (
					"$(inherited)",
					"@executable_path/Frameworks",
					"@loader_path/Frameworks",
				);
				PRODUCT_BUNDLE_IDENTIFIER = com.mobiquity.WeatherTests;
				PRODUCT_NAME = "$(TARGET_NAME)";
				SWIFT_VERSION = 4.0;
				TARGETED_DEVICE_FAMILY = "1,2";
				TEST_HOST = "$(BUILT_PRODUCTS_DIR)/Weather.app/Weather";
			};
			name = Release;
		};
/* End XCBuildConfiguration section */

/* Begin XCConfigurationList section */
		9B2350912087AB1F00753B9F /* Build configuration list for PBXProject "Weather" */ = {
			isa = XCConfigurationList;
			buildConfigurations = (
				9B2350B12087AB2300753B9F /* Debug */,
				9B2350B22087AB2300753B9F /* Release */,
			);
			defaultConfigurationIsVisible = 0;
			defaultConfigurationName = Release;
		};
		9B2350B32087AB2300753B9F /* Build configuration list for PBXNativeTarget "Weather" */ = {
			isa = XCConfigurationList;
			buildConfigurations = (
				9B2350B42087AB2300753B9F /* Debug */,
				9B2350B52087AB2300753B9F /* Release */,
			);
			defaultConfigurationIsVisible = 0;
			defaultConfigurationName = Release;
		};
		9B2350B62087AB2300753B9F /* Build configuration list for PBXNativeTarget "WeatherTests" */ = {
			isa = XCConfigurationList;
			buildConfigurations = (
				9B2350B72087AB2300753B9F /* Debug */,
				9B2350B82087AB2300753B9F /* Release */,
			);
			defaultConfigurationIsVisible = 0;
			defaultConfigurationName = Release;
		};
/* End XCConfigurationList section */
	};
	rootObject = 9B23508E2087AB1F00753B9F /* Project object */;
}
